lockfileVersion: 5.4

specifiers:
  hyper-express: ^6.5.8

dependencies:
  hyper-express: 6.5.8

packages:

  /@types/body-parser/1.19.2:
    resolution: {integrity: sha512-ALYone6pm6QmwZoAgeyNksccT9Q4AWZQ6PvfwR37GT6r6FWUPguq6sUmNGSMV2Wr761oQoBxwGGa6DR5o1DC9g==}
    dependencies:
      '@types/connect': 3.4.35
      '@types/node': 16.18.14
    dev: false

  /@types/busboy/0.3.2:
    resolution: {integrity: sha512-iEvdm9Z9KdSs/ozuh1Z7ZsXrOl8F4M/CLMXPZHr3QuJ4d6Bjn+HBMC5EMKpwpAo8oi8iK9GZfFoHaIMrrZgwVw==}
    dependencies:
      '@types/node': 16.18.14
    dev: false

  /@types/connect/3.4.35:
    resolution: {integrity: sha512-cdeYyv4KWoEgpBISTxWvqYsVy444DOqehiF3fM3ne10AmJ62RSyNkUnxMJXHQWRQQX2eR94m5y1IZyDwBjV9FQ==}
    dependencies:
      '@types/node': 16.18.14
    dev: false

  /@types/express-serve-static-core/4.17.33:
    resolution: {integrity: sha512-TPBqmR/HRYI3eC2E5hmiivIzv+bidAfXofM+sbonAGvyDhySGw9/PQZFt2BLOrjUUR++4eJVpx6KnLQK1Fk9tA==}
    dependencies:
      '@types/node': 16.18.14
      '@types/qs': 6.9.7
      '@types/range-parser': 1.2.4
    dev: false

  /@types/express/4.17.17:
    resolution: {integrity: sha512-Q4FmmuLGBG58btUnfS1c1r/NQdlp3DMfGDGig8WhfpA2YRUtEkxAjkZb0yvplJGYdF1fsQ81iMDcH24sSCNC/Q==}
    dependencies:
      '@types/body-parser': 1.19.2
      '@types/express-serve-static-core': 4.17.33
      '@types/qs': 6.9.7
      '@types/serve-static': 1.15.1
    dev: false

  /@types/mime/3.0.1:
    resolution: {integrity: sha512-Y4XFY5VJAuw0FgAqPNd6NNoV44jbq9Bz2L7Rh/J6jLTiHBSBJa9fxqQIvkIld4GsoDOcCbvzOUAbLPsSKKg+uA==}
    dev: false

  /@types/node/16.18.14:
    resolution: {integrity: sha512-wvzClDGQXOCVNU4APPopC2KtMYukaF1MN/W3xAmslx22Z4/IF1/izDMekuyoUlwfnDHYCIZGaj7jMwnJKBTxKw==}
    dev: false

  /@types/qs/6.9.7:
    resolution: {integrity: sha512-FGa1F62FT09qcrueBA6qYTrJPVDzah9a+493+o2PCXsesWHIn27G98TsSMs3WPNbZIEj4+VJf6saSFpvD+3Zsw==}
    dev: false

  /@types/range-parser/1.2.4:
    resolution: {integrity: sha512-EEhsLsD6UsDM1yFhAvy0Cjr6VwmpMWqFBCb9w07wVugF7w9nfajxLuVmngTIpgS6svCnm6Vaw+MZhoDCKnOfsw==}
    dev: false

  /@types/serve-static/1.15.1:
    resolution: {integrity: sha512-NUo5XNiAdULrJENtJXZZ3fHtfMolzZwczzBbnAeBbqBwG+LaG6YaJtuwzwGSQZ2wsCrxjEhNNjAkKigy3n8teQ==}
    dependencies:
      '@types/mime': 3.0.1
      '@types/node': 16.18.14
    dev: false

  /accepts/1.3.8:
    resolution: {integrity: sha512-PYAthTa2m2VKxuvSD3DPC/Gy+U+sOA1LAuT8mkmRuvw+NACSaeXEQ+NHcVF7rONl6qcaxV3Uuemwawk+7+SJLw==}
    engines: {node: '>= 0.6'}
    dependencies:
      mime-types: 2.1.35
      negotiator: 0.6.3
    dev: false

  /busboy/1.6.0:
    resolution: {integrity: sha512-8SFQbg/0hQ9xy3UNTB0YEnsNBbWfhf7RtnzpL7TkBiTBRfrQ9Fxcnz7VJsleJpyp6rVLvXiuORqjlHi5q+PYuA==}
    engines: {node: '>=10.16.0'}
    dependencies:
      streamsearch: 1.1.0
    dev: false

  /cookie-signature/1.2.1:
    resolution: {integrity: sha512-78KWk9T26NhzXtuL26cIJ8/qNHANyJ/ZYrmEXFzUmhZdjpBv+DlWlOANRTGBt48YcyslsLrj0bMLFTmXvLRCOw==}
    engines: {node: '>=6.6.0'}
    dev: false

  /cookie/0.4.2:
    resolution: {integrity: sha512-aSWTXFzaKWkvHO1Ny/s+ePFpvKsPnjc551iI41v3ny/ow6tBG5Vd+FuqGNhh1LxOmVzOlGUriIlOaokOvhaStA==}
    engines: {node: '>= 0.6'}
    dev: false

  /hyper-express/6.5.8:
    resolution: {integrity: sha512-EORFBjFW4PZCC4eC91tEXrkQLIIaB+ugLqWr59ZI4Yo2qsbaocN+e40lfOJwlNvJLBKzb03rUgbqR+/07SMGOQ==}
    dependencies:
      '@types/busboy': 0.3.2
      '@types/express': 4.17.17
      '@types/node': 16.18.14
      accepts: 1.3.8
      busboy: 1.6.0
      cookie: 0.4.2
      cookie-signature: 1.2.1
      mime-types: 2.1.35
      range-parser: 1.2.1
      type-is: 1.6.18
      uWebSockets.js: github.com/uNetworking/uWebSockets.js/70291680f6052af5306191b6ed88bceb58e49aa2
    dev: false

  /media-typer/0.3.0:
    resolution: {integrity: sha512-dq+qelQ9akHpcOl/gUVRTxVIOkAJ1wR3QAvb4RsVjS8oVoFjDGTc679wJYmUmknUF5HwMLOgb5O+a3KxfWapPQ==}
    engines: {node: '>= 0.6'}
    dev: false

  /mime-db/1.52.0:
    resolution: {integrity: sha512-sPU4uV7dYlvtWJxwwxHD0PuihVNiE7TyAbQ5SWxDCB9mUYvOgroQOwYQQOKPJ8CIbE+1ETVlOoK1UC2nU3gYvg==}
    engines: {node: '>= 0.6'}
    dev: false

  /mime-types/2.1.35:
    resolution: {integrity: sha512-ZDY+bPm5zTTF+YpCrAU9nK0UgICYPT0QtT1NZWFv4s++TNkcgVaT0g6+4R2uI4MjQjzysHB1zxuWL50hzaeXiw==}
    engines: {node: '>= 0.6'}
    dependencies:
      mime-db: 1.52.0
    dev: false

  /negotiator/0.6.3:
    resolution: {integrity: sha512-+EUsqGPLsM+j/zdChZjsnX51g4XrHFOIXwfnCVPGlQk/k5giakcKsuxCObBRu6DSm9opw/O6slWbJdghQM4bBg==}
    engines: {node: '>= 0.6'}
    dev: false

  /range-parser/1.2.1:
    resolution: {integrity: sha512-Hrgsx+orqoygnmhFbKaHE6c296J+HTAQXoxEF6gNupROmmGJRoyzfG3ccAveqCBrwr/2yxQ5BVd/GTl5agOwSg==}
    engines: {node: '>= 0.6'}
    dev: false

  /streamsearch/1.1.0:
    resolution: {integrity: sha512-Mcc5wHehp9aXz1ax6bZUyY5afg9u2rv5cqQI3mRrYkGC8rW2hM02jWuwjtL++LS5qinSyhj2QfLyNsuc+VsExg==}
    engines: {node: '>=10.0.0'}
    dev: false

  /type-is/1.6.18:
    resolution: {integrity: sha512-TkRKr9sUTxEH8MdfuCSP7VizJyzRNMjj2J2do2Jr3Kym598JVdEksuzPQCnlFPW4ky9Q+iA+ma9BGm06XQBy8g==}
    engines: {node: '>= 0.6'}
    dependencies:
      media-typer: 0.3.0
      mime-types: 2.1.35
    dev: false

  github.com/uNetworking/uWebSockets.js/70291680f6052af5306191b6ed88bceb58e49aa2:
    resolution: {tarball: https://codeload.github.com/uNetworking/uWebSockets.js/tar.gz/70291680f6052af5306191b6ed88bceb58e49aa2}
    name: uWebSockets.js
    version: 20.20.0
    dev: false
